
Microsoft Visual Studio Solution File, Format Version 12.00
# Visual Studio 15
VisualStudioVersion = 15.0.28307.1000
MinimumVisualStudioVersion = 10.0.40219.1
Project("{8BC9CEB8-8B4A-11D0-8D11-00A0C91BC942}") = "Dll1", "Dll1\Dll1.vcxproj", "{C396B27C-1A7A-4333-8400-F25AB734C447}"
EndProject
Project("{8BC9CEB8-8B4A-11D0-8D11-00A0C91BC942}") = "GrobHook", "GrobHook\GrobHook.vcxproj", "{C9A61712-5340-461C-B8B3-00A57A356B36}"
EndProject
Global
	GlobalSection(SolutionConfigurationPlatforms) = preSolution
		Debug|x64 = Debug|x64
		Debug|x86 = Debug|x86
		Release|x64 = Release|x64
		Release|x86 = Release|x86
	EndGlobalSection
	GlobalSection(ProjectConfigurationPlatforms) = postSolution
		{C396B27C-1A7A-4333-8400-F25AB734C447}.Debug|x64.ActiveCfg = Debug|x64
		{C396B27C-1A7A-4333-8400-F25AB734C447}.Debug|x64.Build.0 = Debug|x64
		{C396B27C-1A7A-4333-8400-F25AB734C447}.Debug|x86.ActiveCfg = Debug|Win32
		{C396B27C-1A7A-4333-8400-F25AB734C447}.Debug|x86.Build.0 = Debug|Win32
		{C396B27C-1A7A-4333-8400-F25AB734C447}.Release|x64.ActiveCfg = Release|x64
		{C396B27C-1A7A-4333-8400-F25AB734C447}.Release|x64.Build.0 = Release|x64
		{C396B27C-1A7A-4333-8400-F25AB734C447}.Release|x86.ActiveCfg = Release|Win32
		{C396B27C-1A7A-4333-8400-F25AB734C447}.Release|x86.Build.0 = Release|Win32
		{C9A61712-5340-461C-B8B3-00A57A356B36}.Debug|x64.ActiveCfg = Debug|x64
		{C9A61712-5340-461C-B8B3-00A57A356B36}.Debug|x64.Build.0 = Debug|x64
		{C9A61712-5340-461C-B8B3-00A57A356B36}.Debug|x86.ActiveCfg = Debug|Win32
		{C9A61712-5340-461C-B8B3-00A57A356B36}.Debug|x86.Build.0 = Debug|Win32
		{C9A61712-5340-461C-B8B3-00A57A356B36}.Release|x64.ActiveCfg = Release|x64
		{C9A61712-5340-461C-B8B3-00A57A356B36}.Release|x64.Build.0 = Release|x64
		{C9A61712-5340-461C-B8B3-00A57A356B36}.Release|x86.ActiveCfg = Release|Win32
		{C9A61712-5340-461C-B8B3-00A57A356B36}.Release|x86.Build.0 = Release|Win32
	EndGlobalSection
	GlobalSection(SolutionProperties) = preSolution
		HideSolutionNode = FALSE
	EndGlobalSection
	GlobalSection(ExtensibilityGlobals) = postSolution
		SolutionGuid = {74FCE67E-6EEB-4729-901F-CE3618F84D03}
	EndGlobalSection
EndGlobal
